
Microsoft Visual Studio Solution File, Format Version 12.00
# Visual Studio Version 16
VisualStudioVersion = 16.0.30225.117
MinimumVisualStudioVersion = 10.0.40219.1
Project("{8BC9CEB8-8B4A-11D0-8D11-00A0C91BC942}") = "comm", "comm\comm.vcxproj", "{65E0CBC5-557A-4C38-94D7-A752409F98CA}"
EndProject
Global
	GlobalSection(SolutionConfigurationPlatforms) = preSolution
		Debug|x64 = Debug|x64
		Debug|x86 = Debug|x86
		Release|x64 = Release|x64
		Release|x86 = Release|x86
	EndGlobalSection
	GlobalSection(ProjectConfigurationPlatforms) = postSolution
		{65E0CBC5-557A-4C38-94D7-A752409F98CA}.Debug|x64.ActiveCfg = Debug|x64
		{65E0CBC5-557A-4C38-94D7-A752409F98CA}.Debug|x64.Build.0 = Debug|x64
		{65E0CBC5-557A-4C38-94D7-A752409F98CA}.Debug|x86.ActiveCfg = Debug|Win32
		{65E0CBC5-557A-4C38-94D7-A752409F98CA}.Debug|x86.Build.0 = Debug|Win32
		{65E0CBC5-557A-4C38-94D7-A752409F98CA}.Release|x64.ActiveCfg = Release|x64
		{65E0CBC5-557A-4C38-94D7-A752409F98CA}.Release|x64.Build.0 = Release|x64
		{65E0CBC5-557A-4C38-94D7-A752409F98CA}.Release|x86.ActiveCfg = Release|Win32
		{65E0CBC5-557A-4C38-94D7-A752409F98CA}.Release|x86.Build.0 = Release|Win32
	EndGlobalSection
	GlobalSection(SolutionProperties) = preSolution
		HideSolutionNode = FALSE
	EndGlobalSection
	GlobalSection(ExtensibilityGlobals) = postSolution
		SolutionGuid = {AB01BA35-E273-4118-9558-BD88FCD7C5E1}
	EndGlobalSection
EndGlobal
